PODS:
  - AFNetworking (4.0.1):
    - AFNetworking/NSURLSession (= 4.0.1)
    - AFNetworking/Reachability (= 4.0.1)
    - AFNetworking/Security (= 4.0.1)
    - AFNetworking/Serialization (= 4.0.1)
    - AFNetworking/UIKit (= 4.0.1)
  - AFNetworking/NSURLSession (4.0.1):
    - AFNetworking/Reachability
    - AFNetworking/Security
    - AFNetworking/Serialization
  - AFNetworking/Reachability (4.0.1)
  - AFNetworking/Security (4.0.1)
  - AFNetworking/Serialization (4.0.1)
  - AFNetworking/UIKit (4.0.1):
    - AFNetworking/NSURLSession
  - IQKeyboardManager (6.3.0)
  - KykjHospitalCustomImSDK (1.0.2):
    - AFNetworking (~> 4.0.1)
    - IQKeyboardManager (~> 6.3.0)
    - Masonry (~> 1.1.0)
    - MBProgressHUD (~> 1.1.0)
    - MJRefresh (~> 3.2.0)
    - RongCloudIM/IMKit (~> 2.10.4)
    - RongCloudIM/IMLib (~> 2.10.4)
    - SDWebImage (~> 5.12.3)
    - TXIMSDK_iOS
    - TXLiteAVSDK_TRTC (~> 8.3.9901)
  - Masonry (1.1.0)
  - MBProgressHUD (1.1.0)
  - MJRefresh (3.2.3)
  - RongCloudIM/IMKit (2.10.6):
    - RongCloudIM/IMLib
  - RongCloudIM/IMLib (2.10.6)
  - SDWebImage (5.12.5):
    - SDWebImage/Core (= 5.12.5)
  - SDWebImage/Core (5.12.5)
  - TXIMSDK_iOS (5.1.62)
  - TXLiteAVSDK_TRTC (8.3.9907)

DEPENDENCIES:
  - KykjHospitalCustomImSDK (from `../KykjHospitalCustomImSDK.podspec`)

SPEC REPOS:
  https://github.com/CocoaPods/Specs.git:
    - AFNetworking
    - IQKeyboardManager
    - Masonry
    - MBProgressHUD
    - MJRefresh
    - RongCloudIM
    - SDWebImage
    - TXIMSDK_iOS
    - TXLiteAVSDK_TRTC

EXTERNAL SOURCES:
  KykjHospitalCustomImSDK:
    :path: "../KykjHospitalCustomImSDK.podspec"

SPEC CHECKSUMS:
  AFNetworking: 7864c38297c79aaca1500c33288e429c3451fdce
  IQKeyboardManager: 2ca9d64893247556f53523dcd8d78641f0ba7c23
  KykjHospitalCustomImSDK: 98ab105ae1080ade98f9715dd5c666697de48542
  Masonry: 678fab65091a9290e40e2832a55e7ab731aad201
  MBProgressHUD: e7baa36a220447d8aeb12769bf0585582f3866d9
  MJRefresh: 2b1214a2dc8f4df4c5dcb028ea2ad4e245425fb7
  RongCloudIM: b1768dcb3af90d00ce621f7de4f787285435fbe3
  SDWebImage: 0905f1b7760fc8ac4198cae0036600d67478751e
  TXIMSDK_iOS: 4016cc84a61db57fc8ca024becf47ad229bbeef1
  TXLiteAVSDK_TRTC: 68d1565b1d3a4b0abc0388b15c3cec431c7c1a20

PODFILE CHECKSUM: 929ae6e71d2d8284dbbf8b59741d22ff4f28345f

COCOAPODS: 1.11.2
